version = 1
requires-python = ">=3.10"

[[package]]
name = "certifi"
version = "2022.12.7"
source = { registry = "https://download.pytorch.org/whl/cu117" }
wheels = [
    { url = "https://download.pytorch.org/whl/certifi-2022.12.7-py3-none-any.whl", hash = "sha256:4ad3232f5e926d6718ec31cfc1fcadfde020920e278684144551c91769c7bc18" },
]

[[package]]
name = "charset-normalizer"
version = "2.1.1"
source = { registry = "https://download.pytorch.org/whl/cu117" }
wheels = [
    { url = "https://download.pytorch.org/whl/charset_normalizer-2.1.1-py3-none-any.whl", hash = "sha256:83e9a75d1911279afd89352c68b45348559d1fc0506b054b346651b5e7fee29f" },
]

[[package]]
name = "devcontainer-cuda-uv-pytorch"
version = "0.1.0"
source = { virtual = "." }
dependencies = [
    { name = "torch" },
    { name = "torchvision" },
]

[package.metadata]
requires-dist = [
    { name = "torch", specifier = "==1.13.1+cu117" },
    { name = "torchvision", specifier = "==0.14.1+cu117" },
]

[[package]]
name = "idna"
version = "3.4"
source = { registry = "https://download.pytorch.org/whl/cu117" }
wheels = [
    { url = "https://download.pytorch.org/whl/idna-3.4-py3-none-any.whl", hash = "sha256:90b77e79eaa3eba6de819a0c442c0b4ceefc341a7a2ab77d7562bf49f425c5c2" },
]

[[package]]
name = "numpy"
version = "1.26.3"
source = { registry = "https://download.pytorch.org/whl/cu117" }
wheels = [
    { url = "https://download.pytorch.org/whl/numpy-1.26.3-cp310-cp310-macosx_10_9_x86_64.whl", hash = "sha256:806dd64230dbbfaca8a27faa64e2f414bf1c6622ab78cc4264f7f5f028fee3bf" },
    { url = "https://download.pytorch.org/whl/numpy-1.26.3-cp310-cp310-macosx_11_0_arm64.whl", hash = "sha256:02f98011ba4ab17f46f80f7f8f1c291ee7d855fcef0a5a98db80767a468c85cd" },
    { url = "https://download.pytorch.org/whl/numpy-1.26.3-cp310-cp310-manylinux_2_17_aarch64.manylinux2014_aarch64.whl", hash = "sha256:6d45b3ec2faed4baca41c76617fcdcfa4f684ff7a151ce6fc78ad3b6e85af0a6" },
    { url = "https://download.pytorch.org/whl/numpy-1.26.3-cp310-cp310-manylinux_2_17_x86_64.manylinux2014_x86_64.whl", hash = "sha256:bdd2b45bf079d9ad90377048e2747a0c82351989a2165821f0c96831b4a2a54b" },
    { url = "https://download.pytorch.org/whl/numpy-1.26.3-cp310-cp310-win_amd64.whl", hash = "sha256:9e1591f6ae98bcfac2a4bbf9221c0b92ab49762228f38287f6eeb5f3f55905ce" },
    { url = "https://download.pytorch.org/whl/numpy-1.26.3-cp311-cp311-macosx_10_9_x86_64.whl", hash = "sha256:b831295e5472954104ecb46cd98c08b98b49c69fdb7040483aff799a755a7374" },
    { url = "https://download.pytorch.org/whl/numpy-1.26.3-cp311-cp311-macosx_11_0_arm64.whl", hash = "sha256:9e87562b91f68dd8b1c39149d0323b42e0082db7ddb8e934ab4c292094d575d6" },
    { url = "https://download.pytorch.org/whl/numpy-1.26.3-cp311-cp311-manylinux_2_17_aarch64.manylinux2014_aarch64.whl", hash = "sha256:8c66d6fec467e8c0f975818c1796d25c53521124b7cfb760114be0abad53a0a2" },
    { url = "https://download.pytorch.org/whl/numpy-1.26.3-cp311-cp311-manylinux_2_17_x86_64.manylinux2014_x86_64.whl", hash = "sha256:f25e2811a9c932e43943a2615e65fc487a0b6b49218899e62e426e7f0a57eeda" },
    { url = "https://download.pytorch.org/whl/numpy-1.26.3-cp311-cp311-win_amd64.whl", hash = "sha256:39763aee6dfdd4878032361b30b2b12593fb445ddb66bbac802e2113eb8a6ac4" },
    { url = "https://download.pytorch.org/whl/numpy-1.26.3-cp312-cp312-macosx_10_9_x86_64.whl", hash = "sha256:a7081fd19a6d573e1a05e600c82a1c421011db7935ed0d5c483e9dd96b99cf13" },
    { url = "https://download.pytorch.org/whl/numpy-1.26.3-cp312-cp312-macosx_11_0_arm64.whl", hash = "sha256:12c70ac274b32bc00c7f61b515126c9205323703abb99cd41836e8125ea0043e" },
    { url = "https://download.pytorch.org/whl/numpy-1.26.3-cp312-cp312-manylinux_2_17_aarch64.manylinux2014_aarch64.whl", hash = "sha256:7f784e13e598e9594750b2ef6729bcd5a47f6cfe4a12cca13def35e06d8163e3" },
    { url = "https://download.pytorch.org/whl/numpy-1.26.3-cp312-cp312-manylinux_2_17_x86_64.manylinux2014_x86_64.whl", hash = "sha256:5f24750ef94d56ce6e33e4019a8a4d68cfdb1ef661a52cdaee628a56d2437419" },
    { url = "https://download.pytorch.org/whl/numpy-1.26.3-cp312-cp312-win_amd64.whl", hash = "sha256:da4b0c6c699a0ad73c810736303f7fbae483bcb012e38d7eb06a5e3b432c981b" },
]

[[package]]
name = "pillow"
version = "10.2.0"
source = { registry = "https://download.pytorch.org/whl/cu117" }
wheels = [
    { url = "https://download.pytorch.org/whl/pillow-10.2.0-cp310-cp310-macosx_10_10_x86_64.whl", hash = "sha256:7823bdd049099efa16e4246bdf15e5a13dbb18a51b68fa06d6c1d4d8b99a796e" },
    { url = "https://download.pytorch.org/whl/pillow-10.2.0-cp310-cp310-macosx_11_0_arm64.whl", hash = "sha256:83b2021f2ade7d1ed556bc50a399127d7fb245e725aa0113ebd05cfe88aaf588" },
    { url = "https://download.pytorch.org/whl/pillow-10.2.0-cp310-cp310-manylinux_2_17_aarch64.manylinux2014_aarch64.whl", hash = "sha256:6fad5ff2f13d69b7e74ce5b4ecd12cc0ec530fcee76356cac6742785ff71c452" },
    { url = "https://download.pytorch.org/whl/pillow-10.2.0-cp310-cp310-manylinux_2_17_x86_64.manylinux2014_x86_64.whl", hash = "sha256:da2b52b37dad6d9ec64e653637a096905b258d2fc2b984c41ae7d08b938a67e4" },
    { url = "https://download.pytorch.org/whl/pillow-10.2.0-cp310-cp310-manylinux_2_28_aarch64.whl", hash = "sha256:47c0995fc4e7f79b5cfcab1fc437ff2890b770440f7696a3ba065ee0fd496563" },
    { url = "https://download.pytorch.org/whl/pillow-10.2.0-cp310-cp310-manylinux_2_28_x86_64.whl", hash = "sha256:322bdf3c9b556e9ffb18f93462e5f749d3444ce081290352c6070d014c93feb2" },
    { url = "https://download.pytorch.org/whl/pillow-10.2.0-cp310-cp310-win_amd64.whl", hash = "sha256:aebb6044806f2e16ecc07b2a2637ee1ef67a11840a66752751714a0d924adf72" },
    { url = "https://download.pytorch.org/whl/pillow-10.2.0-cp310-cp310-win_arm64.whl", hash = "sha256:7049e301399273a0136ff39b84c3678e314f2158f50f517bc50285fb5ec847ad" },
    { url = "https://download.pytorch.org/whl/pillow-10.2.0-cp311-cp311-macosx_10_10_x86_64.whl", hash = "sha256:35bb52c37f256f662abdfa49d2dfa6ce5d93281d323a9af377a120e89a9eafb5" },
    { url = "https://download.pytorch.org/whl/pillow-10.2.0-cp311-cp311-macosx_11_0_arm64.whl", hash = "sha256:9c23f307202661071d94b5e384e1e1dc7dfb972a28a2310e4ee16103e66ddb67" },
    { url = "https://download.pytorch.org/whl/pillow-10.2.0-cp311-cp311-manylinux_2_17_aarch64.manylinux2014_aarch64.whl", hash = "sha256:773efe0603db30c281521a7c0214cad7836c03b8ccff897beae9b47c0b657d61" },
    { url = "https://download.pytorch.org/whl/pillow-10.2.0-cp311-cp311-manylinux_2_17_x86_64.manylinux2014_x86_64.whl", hash = "sha256:11fa2e5984b949b0dd6d7a94d967743d87c577ff0b83392f17cb3990d0d2fd6e" },
    { url = "https://download.pytorch.org/whl/pillow-10.2.0-cp311-cp311-manylinux_2_28_aarch64.whl", hash = "sha256:716d30ed977be8b37d3ef185fecb9e5a1d62d110dfbdcd1e2a122ab46fddb03f" },
    { url = "https://download.pytorch.org/whl/pillow-10.2.0-cp311-cp311-manylinux_2_28_x86_64.whl", hash = "sha256:a086c2af425c5f62a65e12fbf385f7c9fcb8f107d0849dba5839461a129cf311" },
    { url = "https://download.pytorch.org/whl/pillow-10.2.0-cp311-cp311-win_amd64.whl", hash = "sha256:1da3b2703afd040cf65ec97efea81cfba59cdbed9c11d8efc5ab09df9509fc56" },
    { url = "https://download.pytorch.org/whl/pillow-10.2.0-cp311-cp311-win_arm64.whl", hash = "sha256:edca80cbfb2b68d7b56930b84a0e45ae1694aeba0541f798e908a49d66b837f1" },
    { url = "https://download.pytorch.org/whl/pillow-10.2.0-cp312-cp312-macosx_10_10_x86_64.whl", hash = "sha256:1b5e1b74d1bd1b78bc3477528919414874748dd363e6272efd5abf7654e68bef" },
    { url = "https://download.pytorch.org/whl/pillow-10.2.0-cp312-cp312-macosx_11_0_arm64.whl", hash = "sha256:0eae2073305f451d8ecacb5474997c08569fb4eb4ac231ffa4ad7d342fdc25ac" },
    { url = "https://download.pytorch.org/whl/pillow-10.2.0-cp312-cp312-manylinux_2_17_aarch64.manylinux2014_aarch64.whl", hash = "sha256:b7c2286c23cd350b80d2fc9d424fc797575fb16f854b831d16fd47ceec078f2c" },
    { url = "https://download.pytorch.org/whl/pillow-10.2.0-cp312-cp312-manylinux_2_17_x86_64.manylinux2014_x86_64.whl", hash = "sha256:1e23412b5c41e58cec602f1135c57dfcf15482013ce6e5f093a86db69646a5aa" },
    { url = "https://download.pytorch.org/whl/pillow-10.2.0-cp312-cp312-manylinux_2_28_aarch64.whl", hash = "sha256:52a50aa3fb3acb9cf7213573ef55d31d6eca37f5709c69e6858fe3bc04a5c2a2" },
    { url = "https://download.pytorch.org/whl/pillow-10.2.0-cp312-cp312-manylinux_2_28_x86_64.whl", hash = "sha256:127cee571038f252a552760076407f9cff79761c3d436a12af6000cd182a9d04" },
    { url = "https://download.pytorch.org/whl/pillow-10.2.0-cp312-cp312-win_amd64.whl", hash = "sha256:154e939c5f0053a383de4fd3d3da48d9427a7e985f58af8e94d0b3c9fcfcf4f9" },
    { url = "https://download.pytorch.org/whl/pillow-10.2.0-cp312-cp312-win_arm64.whl", hash = "sha256:f379abd2f1e3dddb2b61bc67977a6b5a0a3f7485538bcc6f39ec76163891ee48" },
]

[[package]]
name = "requests"
version = "2.28.1"
source = { registry = "https://download.pytorch.org/whl/cu117" }
dependencies = [
    { name = "certifi" },
    { name = "charset-normalizer" },
    { name = "idna" },
    { name = "urllib3" },
]
wheels = [
    { url = "https://download.pytorch.org/whl/requests-2.28.1-py3-none-any.whl", hash = "sha256:8fefa2a1a1365bf5520aac41836fbee479da67864514bdb821f31ce07ce65349" },
]

[[package]]
name = "torch"
version = "1.13.1+cu117"
source = { registry = "https://download.pytorch.org/whl/cu117" }
dependencies = [
    { name = "typing-extensions" },
]
wheels = [
    { url = "https://download.pytorch.org/whl/cu117/torch-1.13.1%2Bcu117-cp310-cp310-linux_x86_64.whl", hash = "sha256:14c5c9db09df8cf1b3942a3479c779da6e293a84a162d8a6ac71e2bde30e30c5" },
    { url = "https://download.pytorch.org/whl/cu117/torch-1.13.1%2Bcu117-cp310-cp310-win_amd64.whl", hash = "sha256:978239684c6ec455ad2157ff33d44fdb9dd8d3a93b9d2f4ac7aa57691e990136" },
    { url = "https://download.pytorch.org/whl/cu117/torch-1.13.1%2Bcu117-cp311-cp311-linux_x86_64.whl", hash = "sha256:d151d82462f125e35995ef6701213a499ffbe0994ce66bdad4349049a51a015e" },
]

[[package]]
name = "torchvision"
version = "0.14.1+cu117"
source = { registry = "https://download.pytorch.org/whl/cu117" }
dependencies = [
    { name = "numpy" },
    { name = "pillow" },
    { name = "requests" },
    { name = "torch" },
    { name = "typing-extensions" },
]
wheels = [
    { url = "https://download.pytorch.org/whl/cu117/torchvision-0.14.1%2Bcu117-cp310-cp310-linux_x86_64.whl", hash = "sha256:83d271a530392814b8c7f69382285cac7c7da79b8f5dcc6bcf56c628547bce53" },
    { url = "https://download.pytorch.org/whl/cu117/torchvision-0.14.1%2Bcu117-cp310-cp310-win_amd64.whl", hash = "sha256:b39fc67e7131053d435804d7901e88528611c0832fd9f1cc26476b5a27cc5d81" },
]

[[package]]
name = "typing-extensions"
version = "4.9.0"
source = { registry = "https://download.pytorch.org/whl/cu117" }
wheels = [
    { url = "https://download.pytorch.org/whl/typing_extensions-4.9.0-py3-none-any.whl", hash = "sha256:af72aea155e91adfc61c3ae9e0e342dbc0cba726d6cba4b6c72c1f34e47291cd" },
]

[[package]]
name = "urllib3"
version = "1.26.13"
source = { registry = "https://download.pytorch.org/whl/cu117" }
wheels = [
    { url = "https://download.pytorch.org/whl/urllib3-1.26.13-py2.py3-none-any.whl", hash = "sha256:47cc05d99aaa09c9e72ed5809b60e7ba354e64b59c9c173ac3018642d8bb41fc" },
]
